{
  "originHash" : "cbfc7d51f3930b935962b229eab87126d1087d2c6f2a88110b99aeeefe6e3df6",
  "pins" : [
    {
      "identity" : "audiout-shared",
      "kind" : "remoteSourceControl",
      "location" : "https://github.com/aa-hh/audiout-shared.git",
      "state" : {
        "revision" : "723399b79a337a427fe664e48d9b259cf6d15107",
        "version" : "0.8.0"
      }
    },
    {
      "identity" : "posthog-ios",
      "kind" : "remoteSourceControl",
      "location" : "https://github.com/PostHog/posthog-ios.git",
      "state" : {
        "revision" : "4cf77c21b424ca16ec827da2fb3f0c61ee90d2aa",
        "version" : "3.69.12"
      }
    },
    {
      "identity" : "sparkle",
      "kind" : "remoteSourceControl",
      "location" : "https://github.com/sparkle-project/Sparkle",
      "state" : {
        "revision" : "79bc9e872948e47877e76f194cb0c8e0412b0b90",
        "version" : "2.9.5"
      }
    }
  ],
  "version" : 3
}
