{
  "originHash" : "ec24538979d4f0a3179a060039b69e486c6113e72100e3e31b6deeb2d10c5b08",
  "pins" : [
    {
      "identity" : "audiout-shared",
      "kind" : "remoteSourceControl",
      "location" : "https://github.com/aa-hh/audiout-shared.git",
      "state" : {
        "revision" : "a8b972f5b4edb473b918e402c1ca5fbaf2367e90",
        "version" : "0.7.0"
      }
    },
    {
      "identity" : "posthog-ios",
      "kind" : "remoteSourceControl",
      "location" : "https://github.com/PostHog/posthog-ios.git",
      "state" : {
        "revision" : "4cf77c21b424ca16ec827da2fb3f0c61ee90d2aa",
        "version" : "3.69.12"
      }
    },
    {
      "identity" : "sparkle",
      "kind" : "remoteSourceControl",
      "location" : "https://github.com/sparkle-project/Sparkle",
      "state" : {
        "revision" : "79bc9e872948e47877e76f194cb0c8e0412b0b90",
        "version" : "2.9.5"
      }
    }
  ],
  "version" : 3
}
