{
  "originHash" : "b378a4c1889ea59a2151bcde4a551e44e00bbef8b8d58606e13ad69db8c491ff",
  "pins" : [
    {
      "identity" : "audiout-shared",
      "kind" : "remoteSourceControl",
      "location" : "https://github.com/aa-hh/audiout-shared.git",
      "state" : {
        "revision" : "70d11a8d3128042543dc98017e97d2bd1277d265",
        "version" : "0.20.0"
      }
    },
    {
      "identity" : "posthog-ios",
      "kind" : "remoteSourceControl",
      "location" : "https://github.com/PostHog/posthog-ios.git",
      "state" : {
        "revision" : "4cf77c21b424ca16ec827da2fb3f0c61ee90d2aa",
        "version" : "3.69.12"
      }
    },
    {
      "identity" : "sparkle",
      "kind" : "remoteSourceControl",
      "location" : "https://github.com/sparkle-project/Sparkle",
      "state" : {
        "revision" : "79bc9e872948e47877e76f194cb0c8e0412b0b90",
        "version" : "2.9.5"
      }
    }
  ],
  "version" : 3
}
